
Microsoft Visual Studio Solution File, Format Version 12.00
# Visual Studio Version 17
VisualStudioVersion = 17.8.34330.188
MinimumVisualStudioVersion = 10.0.40219.1
Project("{FAE04EC0-301F-11D3-BF4B-00C04F79EFBC}") = "ResourceMessagesSample", "ResourceMessagesSample.csproj", "{2C280D8D-DACB-40E3-BF9E-8993FCCF3793}"
EndProject
Global
	GlobalSection(SolutionConfigurationPlatforms) = preSolution
		Debug|Any CPU = Debug|Any CPU
		Release|Any CPU = Release|Any CPU
	EndGlobalSection
	GlobalSection(ProjectConfigurationPlatforms) = postSolution
		{2C280D8D-DACB-40E3-BF9E-8993FCCF3793}.Debug|Any CPU.ActiveCfg = Debug|Any CPU
		{2C280D8D-DACB-40E3-BF9E-8993FCCF3793}.Debug|Any CPU.Build.0 = Debug|Any CPU
		{2C280D8D-DACB-40E3-BF9E-8993FCCF3793}.Release|Any CPU.ActiveCfg = Release|Any CPU
		{2C280D8D-DACB-40E3-BF9E-8993FCCF3793}.Release|Any CPU.Build.0 = Release|Any CPU
	EndGlobalSection
	GlobalSection(SolutionProperties) = preSolution
		HideSolutionNode = FALSE
	EndGlobalSection
	GlobalSection(ExtensibilityGlobals) = postSolution
		SolutionGuid = {7F60A094-B25F-4433-9650-D60530FF32EA}
	EndGlobalSection
EndGlobal
